
Microsoft Visual Studio Solution File, Format Version 12.00
# Visual Studio Version 17
VisualStudioVersion = 17.4.33205.214
MinimumVisualStudioVersion = 10.0.40219.1
Project("{FAE04EC0-301F-11D3-BF4B-00C04F79EFBC}") = "PileV3", "PileV3\PileV3.csproj", "{99C2C53A-A32B-44C1-AE64-8429A1F4AF6D}"
EndProject
Global
	GlobalSection(SolutionConfigurationPlatforms) = preSolution
		Debug|Any CPU = Debug|Any CPU
		Release|Any CPU = Release|Any CPU
	EndGlobalSection
	GlobalSection(ProjectConfigurationPlatforms) = postSolution
		{99C2C53A-A32B-44C1-AE64-8429A1F4AF6D}.Debug|Any CPU.ActiveCfg = Debug|Any CPU
		{99C2C53A-A32B-44C1-AE64-8429A1F4AF6D}.Debug|Any CPU.Build.0 = Debug|Any CPU
		{99C2C53A-A32B-44C1-AE64-8429A1F4AF6D}.Release|Any CPU.ActiveCfg = Release|Any CPU
		{99C2C53A-A32B-44C1-AE64-8429A1F4AF6D}.Release|Any CPU.Build.0 = Release|Any CPU
	EndGlobalSection
	GlobalSection(SolutionProperties) = preSolution
		HideSolutionNode = FALSE
	EndGlobalSection
	GlobalSection(ExtensibilityGlobals) = postSolution
		SolutionGuid = {112BE724-5D04-4D7B-9F39-A4830D1E6661}
	EndGlobalSection
EndGlobal
